PODS:
  - VideoQuickSeeking (1.0.0)

DEPENDENCIES:
  - VideoQuickSeeking (from `../`)

EXTERNAL SOURCES:
  VideoQuickSeeking:
    :path: "../"

SPEC CHECKSUMS:
  VideoQuickSeeking: 28dd0d3babd28639f8f3f9b09d533198a2d5419d

PODFILE CHECKSUM: baf1ea4ebdffefb3a67289532b172e329ea1a3e2

COCOAPODS: 1.11.2
